
Microsoft Visual Studio Solution File, Format Version 12.00
# Visual Studio Version 17
VisualStudioVersion = 17.5.002.0
MinimumVisualStudioVersion = 10.0.40219.1
Project("{9A19103F-16F7-4668-BE54-9A1E7A4F7556}") = "BankAccount", "BankAccount.csproj", "{2983462F-101A-4CDD-A91D-7158D7A9E58C}"
EndProject
Global
	GlobalSection(SolutionConfigurationPlatforms) = preSolution
		Debug|Any CPU = Debug|Any CPU
		Release|Any CPU = Release|Any CPU
	EndGlobalSection
	GlobalSection(ProjectConfigurationPlatforms) = postSolution
		{2983462F-101A-4CDD-A91D-7158D7A9E58C}.Debug|Any CPU.ActiveCfg = Debug|Any CPU
		{2983462F-101A-4CDD-A91D-7158D7A9E58C}.Debug|Any CPU.Build.0 = Debug|Any CPU
		{2983462F-101A-4CDD-A91D-7158D7A9E58C}.Release|Any CPU.ActiveCfg = Release|Any CPU
		{2983462F-101A-4CDD-A91D-7158D7A9E58C}.Release|Any CPU.Build.0 = Release|Any CPU
	EndGlobalSection
	GlobalSection(SolutionProperties) = preSolution
		HideSolutionNode = FALSE
	EndGlobalSection
	GlobalSection(ExtensibilityGlobals) = postSolution
		SolutionGuid = {ECB4576B-C1B4-4934-8935-5FB36D1AA74D}
	EndGlobalSection
EndGlobal
